
Microsoft Visual Studio Solution File, Format Version 12.00
# Visual Studio 15
VisualStudioVersion = 15.0.28010.2016
MinimumVisualStudioVersion = 10.0.40219.1
Project("{FAE04EC0-301F-11D3-BF4B-00C04F79EFBC}") = "HB", "HB\HB.csproj", "{508C3219-F63B-469C-81BF-2D7C05A8C61E}"
EndProject
Project("{FAE04EC0-301F-11D3-BF4B-00C04F79EFBC}") = "teDB", "teDB\teDB.csproj", "{133CDC24-0A58-485E-810D-64520491CE3C}"
EndProject
Project("{2150E333-8FDC-42A3-9474-1A3956D46DE8}") = "Solution Items", "Solution Items", "{CC7F3E66-FFA1-4594-9C96-9EABB1423B6C}"
	ProjectSection(SolutionItems) = preProject
		..\ini\Budget.json = ..\ini\Budget.json
		..\ini\Haushalt.xml = ..\ini\Haushalt.xml
		..\ini\Standard.udl = ..\ini\Standard.udl
	EndProjectSection
EndProject
Project("{FAE04EC0-301F-11D3-BF4B-00C04F79EFBC}") = "teDBGui", "teDBGui\teDBGui.csproj", "{5FDA668F-AB83-46EC-9ED1-676EE193F0EA}"
EndProject
Project("{FAE04EC0-301F-11D3-BF4B-00C04F79EFBC}") = "HBGuiUebersicht", "HBGuiUebersicht\HBGuiUebersicht.csproj", "{458E7ACC-B96E-4F21-8B80-E000D1DFEC88}"
EndProject
Project("{FAE04EC0-301F-11D3-BF4B-00C04F79EFBC}") = "HBGlobal", "HBStart\HBGlobal.csproj", "{FED4A3AA-D00B-42C8-89CB-69FE8BC92FA7}"
EndProject
Project("{FAE04EC0-301F-11D3-BF4B-00C04F79EFBC}") = "SplashScreen", "SplashScreen\SplashScreen.csproj", "{D746C7B0-1E89-4183-881C-98705737BE9F}"
EndProject
Global
	GlobalSection(SolutionConfigurationPlatforms) = preSolution
		Debug|Any CPU = Debug|Any CPU
		Release|Any CPU = Release|Any CPU
	EndGlobalSection
	GlobalSection(ProjectConfigurationPlatforms) = postSolution
		{508C3219-F63B-469C-81BF-2D7C05A8C61E}.Debug|Any CPU.ActiveCfg = Debug|Any CPU
		{508C3219-F63B-469C-81BF-2D7C05A8C61E}.Debug|Any CPU.Build.0 = Debug|Any CPU
		{508C3219-F63B-469C-81BF-2D7C05A8C61E}.Release|Any CPU.ActiveCfg = Release|Any CPU
		{508C3219-F63B-469C-81BF-2D7C05A8C61E}.Release|Any CPU.Build.0 = Release|Any CPU
		{133CDC24-0A58-485E-810D-64520491CE3C}.Debug|Any CPU.ActiveCfg = Debug|Any CPU
		{133CDC24-0A58-485E-810D-64520491CE3C}.Debug|Any CPU.Build.0 = Debug|Any CPU
		{133CDC24-0A58-485E-810D-64520491CE3C}.Release|Any CPU.ActiveCfg = Release|Any CPU
		{133CDC24-0A58-485E-810D-64520491CE3C}.Release|Any CPU.Build.0 = Release|Any CPU
		{5FDA668F-AB83-46EC-9ED1-676EE193F0EA}.Debug|Any CPU.ActiveCfg = Debug|Any CPU
		{5FDA668F-AB83-46EC-9ED1-676EE193F0EA}.Debug|Any CPU.Build.0 = Debug|Any CPU
		{5FDA668F-AB83-46EC-9ED1-676EE193F0EA}.Release|Any CPU.ActiveCfg = Release|Any CPU
		{5FDA668F-AB83-46EC-9ED1-676EE193F0EA}.Release|Any CPU.Build.0 = Release|Any CPU
		{458E7ACC-B96E-4F21-8B80-E000D1DFEC88}.Debug|Any CPU.ActiveCfg = Debug|Any CPU
		{458E7ACC-B96E-4F21-8B80-E000D1DFEC88}.Debug|Any CPU.Build.0 = Debug|Any CPU
		{458E7ACC-B96E-4F21-8B80-E000D1DFEC88}.Release|Any CPU.ActiveCfg = Release|Any CPU
		{458E7ACC-B96E-4F21-8B80-E000D1DFEC88}.Release|Any CPU.Build.0 = Release|Any CPU
		{FED4A3AA-D00B-42C8-89CB-69FE8BC92FA7}.Debug|Any CPU.ActiveCfg = Debug|Any CPU
		{FED4A3AA-D00B-42C8-89CB-69FE8BC92FA7}.Debug|Any CPU.Build.0 = Debug|Any CPU
		{FED4A3AA-D00B-42C8-89CB-69FE8BC92FA7}.Release|Any CPU.ActiveCfg = Release|Any CPU
		{FED4A3AA-D00B-42C8-89CB-69FE8BC92FA7}.Release|Any CPU.Build.0 = Release|Any CPU
		{D746C7B0-1E89-4183-881C-98705737BE9F}.Debug|Any CPU.ActiveCfg = Debug|Any CPU
		{D746C7B0-1E89-4183-881C-98705737BE9F}.Debug|Any CPU.Build.0 = Debug|Any CPU
		{D746C7B0-1E89-4183-881C-98705737BE9F}.Release|Any CPU.ActiveCfg = Release|Any CPU
		{D746C7B0-1E89-4183-881C-98705737BE9F}.Release|Any CPU.Build.0 = Release|Any CPU
	EndGlobalSection
	GlobalSection(SolutionProperties) = preSolution
		HideSolutionNode = FALSE
	EndGlobalSection
	GlobalSection(ExtensibilityGlobals) = postSolution
		SolutionGuid = {AEA52616-698C-4713-AF78-1BC783EEFA62}
	EndGlobalSection
EndGlobal
